<?xml version="1.0" encoding="utf-8"?>
<Project ToolsVersion="4.0" xmlns="http://schemas.microsoft.com/developer/msbuild/2003">
  <ItemGroup>
    <Filter Include="ソース ファイル">
      <UniqueIdentifier>{4FC737F1-C7A5-4376-A066-2A32D752A2FF}</UniqueIdentifier>
      <Extensions>cpp;c;cc;cxx;c++;cppm;ixx;def;odl;idl;hpj;bat;asm;asmx</Extensions>
    </Filter>
    <Filter Include="ヘッダー ファイル">
      <UniqueIdentifier>{93995380-89BD-4b04-88EB-625FBE52EBFB}</UniqueIdentifier>
      <Extensions>h;hh;hpp;hxx;h++;hm;inl;inc;ipp;xsd</Extensions>
    </Filter>
    <Filter Include="リソース ファイル">
      <UniqueIdentifier>{67DA6AB6-F800-4c08-8B7A-83BB121AAD01}</UniqueIdentifier>
      <Extensions>rc;ico;cur;bmp;dlg;rc2;rct;bin;rgs;gif;jpg;jpeg;jpe;resx;tiff;tif;png;wav;mfcribbon-ms</Extensions>
    </Filter>
    <Filter Include="mainfolder">
      <UniqueIdentifier>{7d1210c2-386a-4571-880c-51dd7212edba}</UniqueIdentifier>
    </Filter>
    <Filter Include="window">
      <UniqueIdentifier>{b2f8c55d-9f86-4cb6-89cf-237dec86caca}</UniqueIdentifier>
    </Filter>
    <Filter Include="Debug">
      <UniqueIdentifier>{458c7fb1-d603-4a84-86ac-1ee43974e4c9}</UniqueIdentifier>
    </Filter>
    <Filter Include="Debug\Assert">
      <UniqueIdentifier>{aa3f03aa-a80a-4112-b736-fd5ae37c14b5}</UniqueIdentifier>
    </Filter>
    <Filter Include="Debug\Log">
      <UniqueIdentifier>{b4dba59f-722f-4b38-9e85-ce9a41d6cc8e}</UniqueIdentifier>
    </Filter>
    <Filter Include="renderer">
      <UniqueIdentifier>{147eb867-3040-44b5-96bb-f4d839985312}</UniqueIdentifier>
    </Filter>
    <Filter Include="renderer\core">
      <UniqueIdentifier>{c158ca3a-a702-44c5-81f2-095a217c3a7a}</UniqueIdentifier>
    </Filter>
    <Filter Include="renderer\base">
      <UniqueIdentifier>{1b5fc9b5-fcf8-4304-b9ef-fd09d3a6790d}</UniqueIdentifier>
    </Filter>
    <Filter Include="renderer\peripheral">
      <UniqueIdentifier>{c8d893b7-583d-41fb-ada3-614b4f1aee2b}</UniqueIdentifier>
    </Filter>
  </ItemGroup>
  <ItemGroup>
    <ClInclude Include="..\window\window.h">
      <Filter>window</Filter>
    </ClInclude>
    <ClInclude Include="..\Debug\Debug.h">
      <Filter>Debug</Filter>
    </ClInclude>
    <ClInclude Include="..\Debug\Assert\Assert.h">
      <Filter>Debug\Assert</Filter>
    </ClInclude>
    <ClInclude Include="..\Debug\Log\Console_Logger.h">
      <Filter>Debug\Log</Filter>
    </ClInclude>
    <ClInclude Include="..\Debug\Log\DebugWindow_Logger.h">
      <Filter>Debug\Log</Filter>
    </ClInclude>
    <ClInclude Include="..\Debug\Log\Log_pipline.h">
      <Filter>Debug\Log</Filter>
    </ClInclude>
    <ClInclude Include="..\Debug\Log\Log_Struct_Parts.h">
      <Filter>Debug\Log</Filter>
    </ClInclude>
    <ClInclude Include="..\Debug\Log\LogBuilder.h">
      <Filter>Debug\Log</Filter>
    </ClInclude>
    <ClInclude Include="..\Debug\Log\LoggerBase.h">
      <Filter>Debug\Log</Filter>
    </ClInclude>
    <ClInclude Include="..\Debug\Log\LoggerManager.h">
      <Filter>Debug\Log</Filter>
    </ClInclude>
    <ClInclude Include="..\Debug\Log\LogMacro.h">
      <Filter>Debug\Log</Filter>
    </ClInclude>
    <ClInclude Include="..\window\Mainwindow.h">
      <Filter>window</Filter>
    </ClInclude>
    <ClInclude Include="..\mainfolder\windowManager.h">
      <Filter>mainfolder</Filter>
    </ClInclude>
    <ClInclude Include="..\window\Subwindow.h">
      <Filter>window</Filter>
    </ClInclude>
    <ClInclude Include="..\window\windowClassRegistry.h">
      <Filter>window</Filter>
    </ClInclude>
    <ClInclude Include="..\mainfolder\Application.h">
      <Filter>mainfolder</Filter>
    </ClInclude>
    <ClInclude Include="..\renderer\core\RendererCore.h">
      <Filter>renderer\core</Filter>
    </ClInclude>
    <ClInclude Include="..\renderer\core\DXGI.h">
      <Filter>renderer\core</Filter>
    </ClInclude>
    <ClInclude Include="..\renderer\core\Device.h">
      <Filter>renderer\core</Filter>
    </ClInclude>
    <ClInclude Include="..\mainfolder\RendererManager.h">
      <Filter>mainfolder</Filter>
    </ClInclude>
    <ClInclude Include="..\renderer\core\CommandQueue.h">
      <Filter>renderer\core</Filter>
    </ClInclude>
    <ClInclude Include="..\renderer\core\Fence.h">
      <Filter>renderer\core</Filter>
    </ClInclude>
    <ClInclude Include="..\renderer\base\DescriptorHeap.h">
      <Filter>renderer\base</Filter>
    </ClInclude>
    <ClInclude Include="..\renderer\peripheral\CommandAllocator.h">
      <Filter>renderer\peripheral</Filter>
    </ClInclude>
    <ClInclude Include="..\renderer\peripheral\CommandList.h">
      <Filter>renderer\peripheral</Filter>
    </ClInclude>
    <ClInclude Include="..\renderer\peripheral\SwapChain.h">
      <Filter>renderer\peripheral</Filter>
    </ClInclude>
    <ClInclude Include="..\renderer\peripheral\RenderTarget.h">
      <Filter>renderer\peripheral</Filter>
    </ClInclude>
    <ClInclude Include="..\renderer\peripheral\RendererPeripheral.h">
      <Filter>renderer\peripheral</Filter>
    </ClInclude>
    <ClInclude Include="..\mainfolder\RenderUnit.h">
      <Filter>mainfolder</Filter>
    </ClInclude>
    <ClInclude Include="..\mainfolder\ID.h">
      <Filter>mainfolder</Filter>
    </ClInclude>
    <ClInclude Include="..\mainfolder\LifetimeManager.h">
      <Filter>mainfolder</Filter>
    </ClInclude>
  </ItemGroup>
  <ItemGroup>
    <ClCompile Include="..\window\window.cpp">
      <Filter>window</Filter>
    </ClCompile>
    <ClCompile Include="..\mainfolder\main.cpp">
      <Filter>mainfolder</Filter>
    </ClCompile>
    <ClCompile Include="..\window\Mainwindow.cpp">
      <Filter>window</Filter>
    </ClCompile>
    <ClCompile Include="..\Debug\Log\Console_Logger.cpp">
      <Filter>Debug\Log</Filter>
    </ClCompile>
    <ClCompile Include="..\Debug\Log\DebugWIndow_Logger.cpp">
      <Filter>Debug\Log</Filter>
    </ClCompile>
    <ClCompile Include="..\mainfolder\windowManager.cpp">
      <Filter>mainfolder</Filter>
    </ClCompile>
    <ClCompile Include="..\window\Subwindow.cpp">
      <Filter>window</Filter>
    </ClCompile>
    <ClCompile Include="..\window\windowClassRegistry.cpp">
      <Filter>window</Filter>
    </ClCompile>
    <ClCompile Include="..\mainfolder\Application.cpp">
      <Filter>mainfolder</Filter>
    </ClCompile>
    <ClCompile Include="..\renderer\core\DXGI.cpp">
      <Filter>renderer\core</Filter>
    </ClCompile>
    <ClCompile Include="..\renderer\core\Device.cpp">
      <Filter>renderer\core</Filter>
    </ClCompile>
    <ClCompile Include="..\renderer\core\RendererCore.cpp">
      <Filter>renderer\core</Filter>
    </ClCompile>
    <ClCompile Include="..\mainfolder\RendererManager.cpp">
      <Filter>mainfolder</Filter>
    </ClCompile>
    <ClCompile Include="..\renderer\core\CommandQueue.cpp">
      <Filter>renderer\core</Filter>
    </ClCompile>
    <ClCompile Include="..\renderer\core\Fence.cpp">
      <Filter>renderer\core</Filter>
    </ClCompile>
    <ClCompile Include="..\renderer\base\DescriptorHeap.cpp">
      <Filter>renderer\base</Filter>
    </ClCompile>
    <ClCompile Include="..\renderer\peripheral\CommandAllocator.cpp">
      <Filter>renderer\peripheral</Filter>
    </ClCompile>
    <ClCompile Include="..\renderer\peripheral\CommandList.cpp">
      <Filter>renderer\peripheral</Filter>
    </ClCompile>
    <ClCompile Include="..\renderer\peripheral\SwapChian.cpp">
      <Filter>renderer\peripheral</Filter>
    </ClCompile>
    <ClCompile Include="..\renderer\peripheral\RenderTarger.cpp">
      <Filter>renderer\peripheral</Filter>
    </ClCompile>
    <ClCompile Include="..\renderer\peripheral\RendererPeripheral.cpp">
      <Filter>renderer\peripheral</Filter>
    </ClCompile>
    <ClCompile Include="..\mainfolder\RendererUnit.cpp">
      <Filter>mainfolder</Filter>
    </ClCompile>
    <ClCompile Include="..\mainfolder\LifetimeManager.cpp">
      <Filter>mainfolder</Filter>
    </ClCompile>
  </ItemGroup>
</Project>