<?xml version="1.0" encoding="utf-8"?>
<Project ToolsVersion="4.0" xmlns="http://schemas.microsoft.com/developer/msbuild/2003">
  <ItemGroup>
    <Filter Include="ソース ファイル">
      <UniqueIdentifier>{4FC737F1-C7A5-4376-A066-2A32D752A2FF}</UniqueIdentifier>
      <Extensions>cpp;c;cc;cxx;c++;cppm;ixx;def;odl;idl;hpj;bat;asm;asmx</Extensions>
    </Filter>
    <Filter Include="ヘッダー ファイル">
      <UniqueIdentifier>{93995380-89BD-4b04-88EB-625FBE52EBFB}</UniqueIdentifier>
      <Extensions>h;hh;hpp;hxx;h++;hm;inl;inc;ipp;xsd</Extensions>
    </Filter>
    <Filter Include="リソース ファイル">
      <UniqueIdentifier>{67DA6AB6-F800-4c08-8B7A-83BB121AAD01}</UniqueIdentifier>
      <Extensions>rc;ico;cur;bmp;dlg;rc2;rct;bin;rgs;gif;jpg;jpeg;jpe;resx;tiff;tif;png;wav;mfcribbon-ms</Extensions>
    </Filter>
    <Filter Include="mainfolder">
      <UniqueIdentifier>{7d1210c2-386a-4571-880c-51dd7212edba}</UniqueIdentifier>
    </Filter>
    <Filter Include="window">
      <UniqueIdentifier>{b2f8c55d-9f86-4cb6-89cf-237dec86caca}</UniqueIdentifier>
    </Filter>
    <Filter Include="Debug">
      <UniqueIdentifier>{458c7fb1-d603-4a84-86ac-1ee43974e4c9}</UniqueIdentifier>
    </Filter>
    <Filter Include="Debug\Assert">
      <UniqueIdentifier>{aa3f03aa-a80a-4112-b736-fd5ae37c14b5}</UniqueIdentifier>
    </Filter>
    <Filter Include="Debug\Log">
      <UniqueIdentifier>{b4dba59f-722f-4b38-9e85-ce9a41d6cc8e}</UniqueIdentifier>
    </Filter>
  </ItemGroup>
  <ItemGroup>
    <ClInclude Include="..\window\window.h">
      <Filter>window</Filter>
    </ClInclude>
    <ClInclude Include="..\Debug\Debug.h">
      <Filter>Debug</Filter>
    </ClInclude>
    <ClInclude Include="..\Debug\Assert\Assert.h">
      <Filter>Debug\Assert</Filter>
    </ClInclude>
    <ClInclude Include="..\Debug\Log\Console_Logger.h">
      <Filter>Debug\Log</Filter>
    </ClInclude>
    <ClInclude Include="..\Debug\Log\DebugWindow_Logger.h">
      <Filter>Debug\Log</Filter>
    </ClInclude>
    <ClInclude Include="..\Debug\Log\Log_pipline.h">
      <Filter>Debug\Log</Filter>
    </ClInclude>
    <ClInclude Include="..\Debug\Log\Log_Struct_Parts.h">
      <Filter>Debug\Log</Filter>
    </ClInclude>
    <ClInclude Include="..\Debug\Log\LogBuilder.h">
      <Filter>Debug\Log</Filter>
    </ClInclude>
    <ClInclude Include="..\Debug\Log\LoggerBase.h">
      <Filter>Debug\Log</Filter>
    </ClInclude>
    <ClInclude Include="..\Debug\Log\LoggerManager.h">
      <Filter>Debug\Log</Filter>
    </ClInclude>
    <ClInclude Include="..\Debug\Log\LogMacro.h">
      <Filter>Debug\Log</Filter>
    </ClInclude>
    <ClInclude Include="..\window\Mainwindow.h">
      <Filter>window</Filter>
    </ClInclude>
    <ClInclude Include="..\mainfolder\windowManager.h">
      <Filter>mainfolder</Filter>
    </ClInclude>
    <ClInclude Include="..\window\Subwindow.h">
      <Filter>window</Filter>
    </ClInclude>
    <ClInclude Include="..\window\windowClassRegistry.h">
      <Filter>window</Filter>
    </ClInclude>
  </ItemGroup>
  <ItemGroup>
    <ClCompile Include="..\window\window.cpp">
      <Filter>window</Filter>
    </ClCompile>
    <ClCompile Include="..\mainfolder\main.cpp">
      <Filter>mainfolder</Filter>
    </ClCompile>
    <ClCompile Include="..\window\Mainwindow.cpp">
      <Filter>window</Filter>
    </ClCompile>
    <ClCompile Include="..\Debug\Log\Console_Logger.cpp">
      <Filter>Debug\Log</Filter>
    </ClCompile>
    <ClCompile Include="..\Debug\Log\DebugWIndow_Logger.cpp">
      <Filter>Debug\Log</Filter>
    </ClCompile>
    <ClCompile Include="..\mainfolder\windowManager.cpp">
      <Filter>mainfolder</Filter>
    </ClCompile>
    <ClCompile Include="..\window\Subwindow.cpp">
      <Filter>window</Filter>
    </ClCompile>
    <ClCompile Include="..\window\windowClassRegistry.cpp">
      <Filter>window</Filter>
    </ClCompile>
  </ItemGroup>
</Project>